
Microsoft Visual Studio Solution File, Format Version 12.00
# Visual Studio 15
VisualStudioVersion = 15.0.28307.421
MinimumVisualStudioVersion = 10.0.40219.1
Project("{FAE04EC0-301F-11D3-BF4B-00C04F79EFBC}") = "SportsStore", "SportsStore\SportsStore.csproj", "{4E215C92-A500-49E0-B671-38639473566C}"
EndProject
Project("{FAE04EC0-301F-11D3-BF4B-00C04F79EFBC}") = "SportsStore.Tests", "SportsStore.Tests\SportsStore.Tests.csproj", "{C323D2CB-0B2F-4DB4-9F05-7EF95315F678}"
EndProject
Global
	GlobalSection(SolutionConfigurationPlatforms) = preSolution
		Debug|Any CPU = Debug|Any CPU
		Release|Any CPU = Release|Any CPU
	EndGlobalSection
	GlobalSection(ProjectConfigurationPlatforms) = postSolution
		{4E215C92-A500-49E0-B671-38639473566C}.Debug|Any CPU.ActiveCfg = Debug|Any CPU
		{4E215C92-A500-49E0-B671-38639473566C}.Debug|Any CPU.Build.0 = Debug|Any CPU
		{4E215C92-A500-49E0-B671-38639473566C}.Release|Any CPU.ActiveCfg = Release|Any CPU
		{4E215C92-A500-49E0-B671-38639473566C}.Release|Any CPU.Build.0 = Release|Any CPU
		{C323D2CB-0B2F-4DB4-9F05-7EF95315F678}.Debug|Any CPU.ActiveCfg = Debug|Any CPU
		{C323D2CB-0B2F-4DB4-9F05-7EF95315F678}.Debug|Any CPU.Build.0 = Debug|Any CPU
		{C323D2CB-0B2F-4DB4-9F05-7EF95315F678}.Release|Any CPU.ActiveCfg = Release|Any CPU
		{C323D2CB-0B2F-4DB4-9F05-7EF95315F678}.Release|Any CPU.Build.0 = Release|Any CPU
	EndGlobalSection
	GlobalSection(SolutionProperties) = preSolution
		HideSolutionNode = FALSE
	EndGlobalSection
	GlobalSection(ExtensibilityGlobals) = postSolution
		SolutionGuid = {3CAEC3EF-99F4-4E36-8571-CF7DFF84E835}
	EndGlobalSection
EndGlobal
